// !$*UTF8*$!
{
	archiveVersion = 1;
	classes = {
	};
	objectVersion = 46;
	objects = {

/* Begin PBXBuildFile section */
		F7DA2A541E76A3280007F0DC /* AppDelegate.swift in Sources */ = {isa = PBXBuildFile; fileRef = F7DA2A531E76A3280007F0DC /* AppDelegate.swift */; };
		F7DA2A561E76A3280007F0DC /* ViewController.swift in Sources */ = {isa = PBXBuildFile; fileRef = F7DA2A551E76A3280007F0DC /* ViewController.swift */; };
		F7DA2A591E76A3280007F0DC /* Main.storyboard in Resources */ = {isa = PBXBuildFile; fileRef = F7DA2A571E76A3280007F0DC /* Main.storyboard */; };
		F7DA2A5B1E76A3280007F0DC /* Assets.xcassets in Resources */ = {isa = PBXBuildFile; fileRef = F7DA2A5A1E76A3280007F0DC /* Assets.xcassets */; };
		F7DA2A5E1E76A3280007F0DC /* LaunchScreen.storyboard in Resources */ = {isa = PBXBuildFile; fileRef = F7DA2A5C1E76A3280007F0DC /* LaunchScreen.storyboard */; };
		F7DA2A691E76A3280007F0DC /* TableViewDemoTests.swift in Sources */ = {isa = PBXBuildFile; fileRef = F7DA2A681E76A3280007F0DC /* TableViewDemoTests.swift */; };
		F7DA2A741E76A3280007F0DC /* TableViewDemoUITests.swift in Sources */ = {isa = PBXBuildFile; fileRef = F7DA2A731E76A3280007F0DC /* TableViewDemoUITests.swift */; };
/* End PBXBuildFile section */

/* Begin PBXContainerItemProxy section */
		F7DA2A651E76A3280007F0DC /* PBXContainerItemProxy */ = {
			isa = PBXContainerItemProxy;
			containerPortal = F7DA2A481E76A3280007F0DC /* Project object */;
			proxyType = 1;
			remoteGlobalIDString = F7DA2A4F1E76A3280007F0DC;
			remoteInfo = TableViewDemo;
		};
		F7DA2A701E76A3280007F0DC /* PBXContainerItemProxy */ = {
			isa = PBXContainerItemProxy;
			containerPortal = F7DA2A481E76A3280007F0DC /* Project object */;
			proxyType = 1;
			remoteGlobalIDString = F7DA2A4F1E76A3280007F0DC;
			remoteInfo = TableViewDemo;
		};
/* End PBXContainerItemProxy section */

/* Begin PBXFileReference section */
		F7DA2A501E76A3280007F0DC /* TableViewDemo.app */ = {isa = PBXFileReference; explicitFileType = wrapper.application; includeInIndex = 0; path = TableViewDemo.app; sourceTree = BUILT_PRODUCTS_DIR; };
		F7DA2A531E76A3280007F0DC /* AppDelegate.swift */ = {isa = PBXFileReference; lastKnownFileType = sourcecode.swift; path = AppDelegate.swift; sourceTree = "<group>"; };
		F7DA2A551E76A3280007F0DC /* ViewController.swift */ = {isa = PBXFileReference; lastKnownFileType = sourcecode.swift; path = ViewController.swift; sourceTree = "<group>"; };
		F7DA2A581E76A3280007F0DC /* Base */ = {isa = PBXFileReference; lastKnownFileType = file.storyboard; name = Base; path = Base.lproj/Main.storyboard; sourceTree = "<group>"; };
		F7DA2A5A1E76A3280007F0DC /* Assets.xcassets */ = {isa = PBXFileReference; lastKnownFileType = folder.assetcatalog; path = Assets.xcassets; sourceTree = "<group>"; };
		F7DA2A5D1E76A3280007F0DC /* Base */ = {isa = PBXFileReference; lastKnownFileType = file.storyboard; name = Base; path = Base.lproj/LaunchScreen.storyboard; sourceTree = "<group>"; };
		F7DA2A5F1E76A3280007F0DC /* Info.plist */ = {isa = PBXFileReference; lastKnownFileType = text.plist.xml; path = Info.plist; sourceTree = "<group>"; };
		F7DA2A641E76A3280007F0DC /* TableViewDemoTests.xctest */ = {isa = PBXFileReference; explicitFileType = wrapper.cfbundle; includeInIndex = 0; path = TableViewDemoTests.xctest; sourceTree = BUILT_PRODUCTS_DIR; };
		F7DA2A681E76A3280007F0DC /* TableViewDemoTests.swift */ = {isa = PBXFileReference; lastKnownFileType = sourcecode.swift; path = TableViewDemoTests.swift; sourceTree = "<group>"; };
		F7DA2A6A1E76A3280007F0DC /* Info.plist */ = {isa = PBXFileReference; lastKnownFileType = text.plist.xml; path = Info.plist; sourceTree = "<group>"; };
		F7DA2A6F1E76A3280007F0DC /* TableViewDemoUITests.xctest */ = {isa = PBXFileReference; explicitFileType = wrapper.cfbundle; includeInIndex = 0; path = TableViewDemoUITests.xctest; sourceTree = BUILT_PRODUCTS_DIR; };
		F7DA2A731E76A3280007F0DC /* TableViewDemoUITests.swift */ = {isa = PBXFileReference; lastKnownFileType = sourcecode.swift; path = TableViewDemoUITests.swift; sourceTree = "<group>"; };
		F7DA2A751E76A3280007F0DC /* Info.plist */ = {isa = PBXFileReference; lastKnownFileType = text.plist.xml; path = Info.plist; sourceTree = "<group>"; };
/* End PBXFileReference section */

/* Begin PBXFrameworksBuildPhase section */
		F7DA2A4D1E76A3280007F0DC /* Frameworks */ = {
			isa = PBXFrameworksBuildPhase;
			buildActionMask = 2147483647;
			files = (
			);
			runOnlyForDeploymentPostprocessing = 0;
		};
		F7DA2A611E76A3280007F0DC /* Frameworks */ = {
			isa = PBXFrameworksBuildPhase;
			buildActionMask = 2147483647;
			files = (
			);
			runOnlyForDeploymentPostprocessing = 0;
		};
		F7DA2A6C1E76A3280007F0DC /* Frameworks */ = {
			isa = PBXFrameworksBuildPhase;
			buildActionMask = 2147483647;
			files = (
			);
			runOnlyForDeploymentPostprocessing = 0;
		};
/* End PBXFrameworksBuildPhase section */

/* Begin PBXGroup section */
		F7DA2A471E76A3280007F0DC = {
			isa = PBXGroup;
			children = (
				F7DA2A521E76A3280007F0DC /* TableViewDemo */,
				F7DA2A671E76A3280007F0DC /* TableViewDemoTests */,
				F7DA2A721E76A3280007F0DC /* TableViewDemoUITests */,
				F7DA2A511E76A3280007F0DC /* Products */,
			);
			sourceTree = "<group>";
		};
		F7DA2A511E76A3280007F0DC /* Products */ = {
			isa = PBXGroup;
			children = (
				F7DA2A501E76A3280007F0DC /* TableViewDemo.app */,
				F7DA2A641E76A3280007F0DC /* TableViewDemoTests.xctest */,
				F7DA2A6F1E76A3280007F0DC /* TableViewDemoUITests.xctest */,
			);
			name = Products;
			sourceTree = "<group>";
		};
		F7DA2A521E76A3280007F0DC /* TableViewDemo */ = {
			isa = PBXGroup;
			children = (
				F7DA2A531E76A3280007F0DC /* AppDelegate.swift */,
				F7DA2A551E76A3280007F0DC /* ViewController.swift */,
				F7DA2A571E76A3280007F0DC /* Main.storyboard */,
				F7DA2A5A1E76A3280007F0DC /* Assets.xcassets */,
				F7DA2A5C1E76A3280007F0DC /* LaunchScreen.storyboard */,
				F7DA2A5F1E76A3280007F0DC /* Info.plist */,
			);
			path = TableViewDemo;
			sourceTree = "<group>";
		};
		F7DA2A671E76A3280007F0DC /* TableViewDemoTests */ = {
			isa = PBXGroup;
			children = (
				F7DA2A681E76A3280007F0DC /* TableViewDemoTests.swift */,
				F7DA2A6A1E76A3280007F0DC /* Info.plist */,
			);
			path = TableViewDemoTests;
			sourceTree = "<group>";
		};
		F7DA2A721E76A3280007F0DC /* TableViewDemoUITests */ = {
			isa = PBXGroup;
			children = (
				F7DA2A731E76A3280007F0DC /* TableViewDemoUITests.swift */,
				F7DA2A751E76A3280007F0DC /* Info.plist */,
			);
			path = TableViewDemoUITests;
			sourceTree = "<group>";
		};
/* End PBXGroup section */

/* Begin PBXNativeTarget section */
		F7DA2A4F1E76A3280007F0DC /* TableViewDemo */ = {
			isa = PBXNativeTarget;
			buildConfigurationList = F7DA2A781E76A3280007F0DC /* Build configuration list for PBXNativeTarget "TableViewDemo" */;
			buildPhases = (
				F7DA2A4C1E76A3280007F0DC /* Sources */,
				F7DA2A4D1E76A3280007F0DC /* Frameworks */,
				F7DA2A4E1E76A3280007F0DC /* Resources */,
			);
			buildRules = (
			);
			dependencies = (
			);
			name = TableViewDemo;
			productName = TableViewDemo;
			productReference = F7DA2A501E76A3280007F0DC /* TableViewDemo.app */;
			productType = "com.apple.product-type.application";
		};
		F7DA2A631E76A3280007F0DC /* TableViewDemoTests */ = {
			isa = PBXNativeTarget;
			buildConfigurationList = F7DA2A7B1E76A3280007F0DC /* Build configuration list for PBXNativeTarget "TableViewDemoTests" */;
			buildPhases = (
				F7DA2A601E76A3280007F0DC /* Sources */,
				F7DA2A611E76A3280007F0DC /* Frameworks */,
				F7DA2A621E76A3280007F0DC /* Resources */,
			);
			buildRules = (
			);
			dependencies = (
				F7DA2A661E76A3280007F0DC /* PBXTargetDependency */,
			);
			name = TableViewDemoTests;
			productName = TableViewDemoTests;
			productReference = F7DA2A641E76A3280007F0DC /* TableViewDemoTests.xctest */;
			productType = "com.apple.product-type.bundle.unit-test";
		};
		F7DA2A6E1E76A3280007F0DC /* TableViewDemoUITests */ = {
			isa = PBXNativeTarget;
			buildConfigurationList = F7DA2A7E1E76A3280007F0DC /* Build configuration list for PBXNativeTarget "TableViewDemoUITests" */;
			buildPhases = (
				F7DA2A6B1E76A3280007F0DC /* Sources */,
				F7DA2A6C1E76A3280007F0DC /* Frameworks */,
				F7DA2A6D1E76A3280007F0DC /* Resources */,
			);
			buildRules = (
			);
			dependencies = (
				F7DA2A711E76A3280007F0DC /* PBXTargetDependency */,
			);
			name = TableViewDemoUITests;
			productName = TableViewDemoUITests;
			productReference = F7DA2A6F1E76A3280007F0DC /* TableViewDemoUITests.xctest */;
			productType = "com.apple.product-type.bundle.ui-testing";
		};
/* End PBXNativeTarget section */

/* Begin PBXProject section */
		F7DA2A481E76A3280007F0DC /* Project object */ = {
			isa = PBXProject;
			attributes = {
				LastSwiftUpdateCheck = 0820;
				LastUpgradeCheck = 0820;
				ORGANIZATIONNAME = "闵罗琛";
				TargetAttributes = {
					F7DA2A4F1E76A3280007F0DC = {
						CreatedOnToolsVersion = 8.2.1;
						ProvisioningStyle = Automatic;
					};
					F7DA2A631E76A3280007F0DC = {
						CreatedOnToolsVersion = 8.2.1;
						ProvisioningStyle = Automatic;
						TestTargetID = F7DA2A4F1E76A3280007F0DC;
					};
					F7DA2A6E1E76A3280007F0DC = {
						CreatedOnToolsVersion = 8.2.1;
						ProvisioningStyle = Automatic;
						TestTargetID = F7DA2A4F1E76A3280007F0DC;
					};
				};
			};
			buildConfigurationList = F7DA2A4B1E76A3280007F0DC /* Build configuration list for PBXProject "TableViewDemo" */;
			compatibilityVersion = "Xcode 3.2";
			developmentRegion = English;
			hasScannedForEncodings = 0;
			knownRegions = (
				en,
				Base,
			);
			mainGroup = F7DA2A471E76A3280007F0DC;
			productRefGroup = F7DA2A511E76A3280007F0DC /* Products */;
			projectDirPath = "";
			projectRoot = "";
			targets = (
				F7DA2A4F1E76A3280007F0DC /* TableViewDemo */,
				F7DA2A631E76A3280007F0DC /* TableViewDemoTests */,
				F7DA2A6E1E76A3280007F0DC /* TableViewDemoUITests */,
			);
		};
/* End PBXProject section */

/* Begin PBXResourcesBuildPhase section */
		F7DA2A4E1E76A3280007F0DC /* Resources */ = {
			isa = PBXResourcesBuildPhase;
			buildActionMask = 2147483647;
			files = (
				F7DA2A5E1E76A3280007F0DC /* LaunchScreen.storyboard in Resources */,
				F7DA2A5B1E76A3280007F0DC /* Assets.xcassets in Resources */,
				F7DA2A591E76A3280007F0DC /* Main.storyboard in Resources */,
			);
			runOnlyForDeploymentPostprocessing = 0;
		};
		F7DA2A621E76A3280007F0DC /* Resources */ = {
			isa = PBXResourcesBuildPhase;
			buildActionMask = 2147483647;
			files = (
			);
			runOnlyForDeploymentPostprocessing = 0;
		};
		F7DA2A6D1E76A3280007F0DC /* Resources */ = {
			isa = PBXResourcesBuildPhase;
			buildActionMask = 2147483647;
			files = (
			);
			runOnlyForDeploymentPostprocessing = 0;
		};
/* End PBXResourcesBuildPhase section */

/* Begin PBXSourcesBuildPhase section */
		F7DA2A4C1E76A3280007F0DC /* Sources */ = {
			isa = PBXSourcesBuildPhase;
			buildActionMask = 2147483647;
			files = (
				F7DA2A561E76A3280007F0DC /* ViewController.swift in Sources */,
				F7DA2A541E76A3280007F0DC /* AppDelegate.swift in Sources */,
			);
			runOnlyForDeploymentPostprocessing = 0;
		};
		F7DA2A601E76A3280007F0DC /* Sources */ = {
			isa = PBXSourcesBuildPhase;
			buildActionMask = 2147483647;
			files = (
				F7DA2A691E76A3280007F0DC /* TableViewDemoTests.swift in Sources */,
			);
			runOnlyForDeploymentPostprocessing = 0;
		};
		F7DA2A6B1E76A3280007F0DC /* Sources */ = {
			isa = PBXSourcesBuildPhase;
			buildActionMask = 2147483647;
			files = (
				F7DA2A741E76A3280007F0DC /* TableViewDemoUITests.swift in Sources */,
			);
			runOnlyForDeploymentPostprocessing = 0;
		};
/* End PBXSourcesBuildPhase section */

/* Begin PBXTargetDependency section */
		F7DA2A661E76A3280007F0DC /* PBXTargetDependency */ = {
			isa = PBXTargetDependency;
			target = F7DA2A4F1E76A3280007F0DC /* TableViewDemo */;
			targetProxy = F7DA2A651E76A3280007F0DC /* PBXContainerItemProxy */;
		};
		F7DA2A711E76A3280007F0DC /* PBXTargetDependency */ = {
			isa = PBXTargetDependency;
			target = F7DA2A4F1E76A3280007F0DC /* TableViewDemo */;
			targetProxy = F7DA2A701E76A3280007F0DC /* PBXContainerItemProxy */;
		};
/* End PBXTargetDependency section */

/* Begin PBXVariantGroup section */
		F7DA2A571E76A3280007F0DC /* Main.storyboard */ = {
			isa = PBXVariantGroup;
			children = (
				F7DA2A581E76A3280007F0DC /* Base */,
			);
			name = Main.storyboard;
			sourceTree = "<group>";
		};
		F7DA2A5C1E76A3280007F0DC /* LaunchScreen.storyboard */ = {
			isa = PBXVariantGroup;
			children = (
				F7DA2A5D1E76A3280007F0DC /* Base */,
			);
			name = LaunchScreen.storyboard;
			sourceTree = "<group>";
		};
/* End PBXVariantGroup section */

/* Begin XCBuildConfiguration section */
		F7DA2A761E76A3280007F0DC /* Debug */ = {
			isa = XCBuildConfiguration;
			buildSettings = {
				ALWAYS_SEARCH_USER_PATHS = NO;
				CLANG_ANALYZER_NONNULL = YES;
				CLANG_CXX_LANGUAGE_STANDARD = "gnu++0x";
				CLANG_CXX_LIBRARY = "libc++";
				CLANG_ENABLE_MODULES = YES;
				CLANG_ENABLE_OBJC_ARC = YES;
				CLANG_WARN_BOOL_CONVERSION = YES;
				CLANG_WARN_CONSTANT_CONVERSION = YES;
				CLANG_WARN_DIRECT_OBJC_ISA_USAGE = YES_ERROR;
				CLANG_WARN_DOCUMENTATION_COMMENTS = YES;
				CLANG_WARN_EMPTY_BODY = YES;
				CLANG_WARN_ENUM_CONVERSION = YES;
				CLANG_WARN_INFINITE_RECURSION = YES;
				CLANG_WARN_INT_CONVERSION = YES;
				CLANG_WARN_OBJC_ROOT_CLASS = YES_ERROR;
				CLANG_WARN_SUSPICIOUS_MOVE = YES;
				CLANG_WARN_UNREACHABLE_CODE = YES;
				CLANG_WARN__DUPLICATE_METHOD_MATCH = YES;
				"CODE_SIGN_IDENTITY[sdk=iphoneos*]" = "iPhone Developer";
				COPY_PHASE_STRIP = NO;
				DEBUG_INFORMATION_FORMAT = dwarf;
				ENABLE_STRICT_OBJC_MSGSEND = YES;
				ENABLE_TESTABILITY = YES;
				GCC_C_LANGUAGE_STANDARD = gnu99;
				GCC_DYNAMIC_NO_PIC = NO;
				GCC_NO_COMMON_BLOCKS = YES;
				GCC_OPTIMIZATION_LEVEL = 0;
				GCC_PREPROCESSOR_DEFINITIONS = (
					"DEBUG=1",
					"$(inherited)",
				);
				GCC_WARN_64_TO_32_BIT_CONVERSION = YES;
				GCC_WARN_ABOUT_RETURN_TYPE = YES_ERROR;
				GCC_WARN_UNDECLARED_SELECTOR = YES;
				GCC_WARN_UNINITIALIZED_AUTOS = YES_AGGRESSIVE;
				GCC_WARN_UNUSED_FUNCTION = YES;
				GCC_WARN_UNUSED_VARIABLE = YES;
				IPHONEOS_DEPLOYMENT_TARGET = 10.2;
				MTL_ENABLE_DEBUG_INFO = YES;
				ONLY_ACTIVE_ARCH = YES;
				SDKROOT = iphoneos;
				SWIFT_ACTIVE_COMPILATION_CONDITIONS = DEBUG;
				SWIFT_OPTIMIZATION_LEVEL = "-Onone";
				TARGETED_DEVICE_FAMILY = "1,2";
			};
			name = Debug;
		};
		F7DA2A771E76A3280007F0DC /* Release */ = {
			isa = XCBuildConfiguration;
			buildSettings = {
				ALWAYS_SEARCH_USER_PATHS = NO;
				CLANG_ANALYZER_NONNULL = YES;
				CLANG_CXX_LANGUAGE_STANDARD = "gnu++0x";
				CLANG_CXX_LIBRARY = "libc++";
				CLANG_ENABLE_MODULES = YES;
				CLANG_ENABLE_OBJC_ARC = YES;
				CLANG_WARN_BOOL_CONVERSION = YES;
				CLANG_WARN_CONSTANT_CONVERSION = YES;
				CLANG_WARN_DIRECT_OBJC_ISA_USAGE = YES_ERROR;
				CLANG_WARN_DOCUMENTATION_COMMENTS = YES;
				CLANG_WARN_EMPTY_BODY = YES;
				CLANG_WARN_ENUM_CONVERSION = YES;
				CLANG_WARN_INFINITE_RECURSION = YES;
				CLANG_WARN_INT_CONVERSION = YES;
				CLANG_WARN_OBJC_ROOT_CLASS = YES_ERROR;
				CLANG_WARN_SUSPICIOUS_MOVE = YES;
				CLANG_WARN_UNREACHABLE_CODE = YES;
				CLANG_WARN__DUPLICATE_METHOD_MATCH = YES;
				"CODE_SIGN_IDENTITY[sdk=iphoneos*]" = "iPhone Developer";
				COPY_PHASE_STRIP = NO;
				DEBUG_INFORMATION_FORMAT = "dwarf-with-dsym";
				ENABLE_NS_ASSERTIONS = NO;
				ENABLE_STRICT_OBJC_MSGSEND = YES;
				GCC_C_LANGUAGE_STANDARD = gnu99;
				GCC_NO_COMMON_BLOCKS = YES;
				GCC_WARN_64_TO_32_BIT_CONVERSION = YES;
				GCC_WARN_ABOUT_RETURN_TYPE = YES_ERROR;
				GCC_WARN_UNDECLARED_SELECTOR = YES;
				GCC_WARN_UNINITIALIZED_AUTOS = YES_AGGRESSIVE;
				GCC_WARN_UNUSED_FUNCTION = YES;
				GCC_WARN_UNUSED_VARIABLE = YES;
				IPHONEOS_DEPLOYMENT_TARGET = 10.2;
				MTL_ENABLE_DEBUG_INFO = NO;
				SDKROOT = iphoneos;
				SWIFT_OPTIMIZATION_LEVEL = "-Owholemodule";
				TARGETED_DEVICE_FAMILY = "1,2";
				VALIDATE_PRODUCT = YES;
			};
			name = Release;
		};
		F7DA2A791E76A3280007F0DC /* Debug */ = {
			isa = XCBuildConfiguration;
			buildSettings = {
				ASSETCATALOG_COMPILER_APPICON_NAME = AppIcon;
				INFOPLIST_FILE = TableViewDemo/Info.plist;
				LD_RUNPATH_SEARCH_PATHS = "$(inherited) @executable_path/Frameworks";
				PRODUCT_BUNDLE_IDENTIFIER = tech.mluoc.TableViewDemo;
				PRODUCT_NAME = "$(TARGET_NAME)";
				SWIFT_VERSION = 3.0;
			};
			name = Debug;
		};
		F7DA2A7A1E76A3280007F0DC /* Release */ = {
			isa = XCBuildConfiguration;
			buildSettings = {
				ASSETCATALOG_COMPILER_APPICON_NAME = AppIcon;
				INFOPLIST_FILE = TableViewDemo/Info.plist;
				LD_RUNPATH_SEARCH_PATHS = "$(inherited) @executable_path/Frameworks";
				PRODUCT_BUNDLE_IDENTIFIER = tech.mluoc.TableViewDemo;
				PRODUCT_NAME = "$(TARGET_NAME)";
				SWIFT_VERSION = 3.0;
			};
			name = Release;
		};
		F7DA2A7C1E76A3280007F0DC /* Debug */ = {
			isa = XCBuildConfiguration;
			buildSettings = {
				ALWAYS_EMBED_SWIFT_STANDARD_LIBRARIES = YES;
				BUNDLE_LOADER = "$(TEST_HOST)";
				INFOPLIST_FILE = TableViewDemoTests/Info.plist;
				LD_RUNPATH_SEARCH_PATHS = "$(inherited) @executable_path/Frameworks @loader_path/Frameworks";
				PRODUCT_BUNDLE_IDENTIFIER = tech.mluoc.TableViewDemoTests;
				PRODUCT_NAME = "$(TARGET_NAME)";
				SWIFT_VERSION = 3.0;
				TEST_HOST = "$(BUILT_PRODUCTS_DIR)/TableViewDemo.app/TableViewDemo";
			};
			name = Debug;
		};
		F7DA2A7D1E76A3280007F0DC /* Release */ = {
			isa = XCBuildConfiguration;
			buildSettings = {
				ALWAYS_EMBED_SWIFT_STANDARD_LIBRARIES = YES;
				BUNDLE_LOADER = "$(TEST_HOST)";
				INFOPLIST_FILE = TableViewDemoTests/Info.plist;
				LD_RUNPATH_SEARCH_PATHS = "$(inherited) @executable_path/Frameworks @loader_path/Frameworks";
				PRODUCT_BUNDLE_IDENTIFIER = tech.mluoc.TableViewDemoTests;
				PRODUCT_NAME = "$(TARGET_NAME)";
				SWIFT_VERSION = 3.0;
				TEST_HOST = "$(BUILT_PRODUCTS_DIR)/TableViewDemo.app/TableViewDemo";
			};
			name = Release;
		};
		F7DA2A7F1E76A3280007F0DC /* Debug */ = {
			isa = XCBuildConfiguration;
			buildSettings = {
				ALWAYS_EMBED_SWIFT_STANDARD_LIBRARIES = YES;
				INFOPLIST_FILE = TableViewDemoUITests/Info.plist;
				LD_RUNPATH_SEARCH_PATHS = "$(inherited) @executable_path/Frameworks @loader_path/Frameworks";
				PRODUCT_BUNDLE_IDENTIFIER = tech.mluoc.TableViewDemoUITests;
				PRODUCT_NAME = "$(TARGET_NAME)";
				SWIFT_VERSION = 3.0;
				TEST_TARGET_NAME = TableViewDemo;
			};
			name = Debug;
		};
		F7DA2A801E76A3280007F0DC /* Release */ = {
			isa = XCBuildConfiguration;
			buildSettings = {
				ALWAYS_EMBED_SWIFT_STANDARD_LIBRARIES = YES;
				INFOPLIST_FILE = TableViewDemoUITests/Info.plist;
				LD_RUNPATH_SEARCH_PATHS = "$(inherited) @executable_path/Frameworks @loader_path/Frameworks";
				PRODUCT_BUNDLE_IDENTIFIER = tech.mluoc.TableViewDemoUITests;
				PRODUCT_NAME = "$(TARGET_NAME)";
				SWIFT_VERSION = 3.0;
				TEST_TARGET_NAME = TableViewDemo;
			};
			name = Release;
		};
/* End XCBuildConfiguration section */

/* Begin XCConfigurationList section */
		F7DA2A4B1E76A3280007F0DC /* Build configuration list for PBXProject "TableViewDemo" */ = {
			isa = XCConfigurationList;
			buildConfigurations = (
				F7DA2A761E76A3280007F0DC /* Debug */,
				F7DA2A771E76A3280007F0DC /* Release */,
			);
			defaultConfigurationIsVisible = 0;
			defaultConfigurationName = Release;
		};
		F7DA2A781E76A3280007F0DC /* Build configuration list for PBXNativeTarget "TableViewDemo" */ = {
			isa = XCConfigurationList;
			buildConfigurations = (
				F7DA2A791E76A3280007F0DC /* Debug */,
				F7DA2A7A1E76A3280007F0DC /* Release */,
			);
			defaultConfigurationIsVisible = 0;
		};
		F7DA2A7B1E76A3280007F0DC /* Build configuration list for PBXNativeTarget "TableViewDemoTests" */ = {
			isa = XCConfigurationList;
			buildConfigurations = (
				F7DA2A7C1E76A3280007F0DC /* Debug */,
				F7DA2A7D1E76A3280007F0DC /* Release */,
			);
			defaultConfigurationIsVisible = 0;
		};
		F7DA2A7E1E76A3280007F0DC /* Build configuration list for PBXNativeTarget "TableViewDemoUITests" */ = {
			isa = XCConfigurationList;
			buildConfigurations = (
				F7DA2A7F1E76A3280007F0DC /* Debug */,
				F7DA2A801E76A3280007F0DC /* Release */,
			);
			defaultConfigurationIsVisible = 0;
		};
/* End XCConfigurationList section */
	};
	rootObject = F7DA2A481E76A3280007F0DC /* Project object */;
}
